
Microsoft Visual Studio Solution File, Format Version 11.00
# Visual Studio 2010
Project("{FAE04EC0-301F-11D3-BF4B-00C04F79EFBC}") = "Spy Hunter", "Assembly-CSharp.csproj", "{041398F2-6FA2-85F8-77EE-A833459D7778}"
EndProject
Project("{FAE04EC0-301F-11D3-BF4B-00C04F79EFBC}") = "Spy Hunter", "Assembly-CSharp-Editor.csproj", "{C7D75F1A-5DBC-9368-C565-045CF14B9826}"
EndProject
Global
	GlobalSection(SolutionConfigurationPlatforms) = preSolution
		Debug|Any CPU = Debug|Any CPU
		Release|Any CPU = Release|Any CPU
	EndGlobalSection
	GlobalSection(ProjectConfigurationPlatforms) = postSolution
		{041398F2-6FA2-85F8-77EE-A833459D7778}.Debug|Any CPU.ActiveCfg = Debug|Any CPU
		{041398F2-6FA2-85F8-77EE-A833459D7778}.Debug|Any CPU.Build.0 = Debug|Any CPU
		{041398F2-6FA2-85F8-77EE-A833459D7778}.Release|Any CPU.ActiveCfg = Release|Any CPU
		{041398F2-6FA2-85F8-77EE-A833459D7778}.Release|Any CPU.Build.0 = Release|Any CPU
		{C7D75F1A-5DBC-9368-C565-045CF14B9826}.Debug|Any CPU.ActiveCfg = Debug|Any CPU
		{C7D75F1A-5DBC-9368-C565-045CF14B9826}.Debug|Any CPU.Build.0 = Debug|Any CPU
		{C7D75F1A-5DBC-9368-C565-045CF14B9826}.Release|Any CPU.ActiveCfg = Release|Any CPU
		{C7D75F1A-5DBC-9368-C565-045CF14B9826}.Release|Any CPU.Build.0 = Release|Any CPU
	EndGlobalSection
	GlobalSection(SolutionProperties) = preSolution
		HideSolutionNode = FALSE
	EndGlobalSection
	GlobalSection(MonoDevelopProperties) = preSolution
		StartupItem = Assembly-CSharp.csproj
	EndGlobalSection
EndGlobal
